
Microsoft Visual Studio Solution File, Format Version 12.00
# Visual Studio Version 17
VisualStudioVersion = 17.13.35825.156 d17.13
MinimumVisualStudioVersion = 10.0.40219.1
Project("{FAE04EC0-301F-11D3-BF4B-00C04F79EFBC}") = "DracatHacknarok2025", "DracatHacknarok2025.csproj", "{6CF55483-EE18-4AEE-9198-979A4F395BCD}"
EndProject
Global
	GlobalSection(SolutionConfigurationPlatforms) = preSolution
		Debug|Any CPU = Debug|Any CPU
		Release|Any CPU = Release|Any CPU
	EndGlobalSection
	GlobalSection(ProjectConfigurationPlatforms) = postSolution
		{6CF55483-EE18-4AEE-9198-979A4F395BCD}.Debug|Any CPU.ActiveCfg = Debug|Any CPU
		{6CF55483-EE18-4AEE-9198-979A4F395BCD}.Debug|Any CPU.Build.0 = Debug|Any CPU
		{6CF55483-EE18-4AEE-9198-979A4F395BCD}.Release|Any CPU.ActiveCfg = Release|Any CPU
		{6CF55483-EE18-4AEE-9198-979A4F395BCD}.Release|Any CPU.Build.0 = Release|Any CPU
	EndGlobalSection
	GlobalSection(SolutionProperties) = preSolution
		HideSolutionNode = FALSE
	EndGlobalSection
	GlobalSection(ExtensibilityGlobals) = postSolution
		SolutionGuid = {16B31355-2311-4346-A935-B99B281B7793}
	EndGlobalSection
EndGlobal
